# This file is automatically @generated by Cargo.
# It is not intended for manual editing.
version = 3

[[package]]
name = "cc"
version = "1.0.88"
source = "registry+https://github.com/rust-lang/crates.io-index"
checksum = "02f341c093d19155a6e41631ce5971aac4e9a868262212153124c15fa22d1cdc"

[[package]]
name = "game"
version = "0.1.0"
dependencies = [
 "cc",
 "mos-alloc",
]

[[package]]
name = "mos-alloc"
version = "0.2.0"
source = "registry+https://github.com/rust-lang/crates.io-index"
checksum = "a039937a57432473f9bb3d47826ae9633b2dbf85d668b20dc3b485299fdb6387"
